
Microsoft Visual Studio Solution File, Format Version 12.00
# Visual Studio Version 17
VisualStudioVersion = 17.0.31903.59
MinimumVisualStudioVersion = 10.0.40219.1
Project("{FAE04EC0-301F-11D3-BF4B-00C04F79EFBC}") = "KTPS.Server.WebAPI", "KTPS.Server.WebAPI\KTPS.Server.WebAPI.csproj", "{50FECA68-7254-4AAC-9163-78D26514AF6E}"
EndProject
Project("{FAE04EC0-301F-11D3-BF4B-00C04F79EFBC}") = "KTPS.Model", "KTPS.Model\KTPS.Model.csproj", "{EE13F87D-43F5-418E-BBA9-792632E16D7F}"
EndProject
Project("{FAE04EC0-301F-11D3-BF4B-00C04F79EFBC}") = "KTPS.Model.Tests", "KTPS.Model.Tests\KTPS.Model.Tests.csproj", "{D6376A20-D27B-4371-89C7-C418C60054DD}"
EndProject
Global
	GlobalSection(SolutionConfigurationPlatforms) = preSolution
		Debug|Any CPU = Debug|Any CPU
		Release|Any CPU = Release|Any CPU
	EndGlobalSection
	GlobalSection(ProjectConfigurationPlatforms) = postSolution
		{50FECA68-7254-4AAC-9163-78D26514AF6E}.Debug|Any CPU.ActiveCfg = Debug|Any CPU
		{50FECA68-7254-4AAC-9163-78D26514AF6E}.Debug|Any CPU.Build.0 = Debug|Any CPU
		{50FECA68-7254-4AAC-9163-78D26514AF6E}.Release|Any CPU.ActiveCfg = Release|Any CPU
		{50FECA68-7254-4AAC-9163-78D26514AF6E}.Release|Any CPU.Build.0 = Release|Any CPU
		{EE13F87D-43F5-418E-BBA9-792632E16D7F}.Debug|Any CPU.ActiveCfg = Debug|Any CPU
		{EE13F87D-43F5-418E-BBA9-792632E16D7F}.Debug|Any CPU.Build.0 = Debug|Any CPU
		{EE13F87D-43F5-418E-BBA9-792632E16D7F}.Release|Any CPU.ActiveCfg = Release|Any CPU
		{EE13F87D-43F5-418E-BBA9-792632E16D7F}.Release|Any CPU.Build.0 = Release|Any CPU
		{D6376A20-D27B-4371-89C7-C418C60054DD}.Debug|Any CPU.ActiveCfg = Debug|Any CPU
		{D6376A20-D27B-4371-89C7-C418C60054DD}.Debug|Any CPU.Build.0 = Debug|Any CPU
		{D6376A20-D27B-4371-89C7-C418C60054DD}.Release|Any CPU.ActiveCfg = Release|Any CPU
		{D6376A20-D27B-4371-89C7-C418C60054DD}.Release|Any CPU.Build.0 = Release|Any CPU
	EndGlobalSection
	GlobalSection(SolutionProperties) = preSolution
		HideSolutionNode = FALSE
	EndGlobalSection
	GlobalSection(ExtensibilityGlobals) = postSolution
		SolutionGuid = {C9F454F7-6F6F-47D8-A136-EEC1EE6A6548}
	EndGlobalSection
EndGlobal
